speakeasyVersion: 1.763.1
sources:
    my-source:
        sourceNamespace: my-source
        sourceRevisionDigest: sha256:1f43c28112982f7603d8fed99ad5b2d14de397325c20863fb693a4f89f96e3c6
        sourceBlobDigest: sha256:f7e2709f52370dff16c1851a7a4e44a89f2e978e9cae335bffc10625950b3bd9
        tags:
            - latest
    plexapi:
        sourceNamespace: plexapi
        sourceRevisionDigest: sha256:e0a0456ae1bb674c3e8e73841c2170c4f706141067392497e29a1443fcca8859
        sourceBlobDigest: sha256:d36dc1425046077320c76ba5c5a93e3af1ef718bc9e9eecb6db33dbf0cd9d3fd
        tags:
            - latest
            - 1.1.1
targets:
    plexpy:
        source: plexapi
        sourceNamespace: plexapi
        sourceRevisionDigest: sha256:e0a0456ae1bb674c3e8e73841c2170c4f706141067392497e29a1443fcca8859
        sourceBlobDigest: sha256:d36dc1425046077320c76ba5c5a93e3af1ef718bc9e9eecb6db33dbf0cd9d3fd
        codeSamplesNamespace: code-samples-python-plexpy
        codeSamplesRevisionDigest: sha256:9435bd4634ab5cb8dc87f2d5be47e0c11b3fd4d180f91343e47e6b018c60828d
workflow:
    workflowVersion: 1.0.0
    speakeasyVersion: latest
    sources:
        plexapi:
            inputs:
                - location: https://raw.githubusercontent.com/LukeHagar/plex-api-spec/refs/heads/main/plex-api-spec.yaml
            registry:
                location: registry.speakeasyapi.dev/plexapi/plexapi/plexapi
    targets:
        plexpy:
            target: python
            source: plexapi
            publish:
                pypi:
                    token: $pypi_token
            codeSamples:
                output: codeSamples.yaml
                registry:
                    location: registry.speakeasyapi.dev/plexapi/plexapi/code-samples-python-plexpy
                labelOverride:
                    fixedValue: PlexPy
