speakeasyVersion: 1.761.0
sources:
    my-source:
        sourceNamespace: my-source
        sourceRevisionDigest: sha256:1f43c28112982f7603d8fed99ad5b2d14de397325c20863fb693a4f89f96e3c6
        sourceBlobDigest: sha256:f7e2709f52370dff16c1851a7a4e44a89f2e978e9cae335bffc10625950b3bd9
        tags:
            - latest
    plexapi:
        sourceNamespace: plexapi
        sourceRevisionDigest: sha256:0a1be7f9cd444df8a5b772b92512aa93f748c65c04df19bb3d60bffafd243fcc
        sourceBlobDigest: sha256:1491007c351d9a3280044b7e45c58648a1cf4259fa1475d01d9e0f93f0aa0fdd
        tags:
            - latest
            - 1.1.1
targets:
    plexpy:
        source: plexapi
        sourceNamespace: plexapi
        sourceRevisionDigest: sha256:0a1be7f9cd444df8a5b772b92512aa93f748c65c04df19bb3d60bffafd243fcc
        sourceBlobDigest: sha256:1491007c351d9a3280044b7e45c58648a1cf4259fa1475d01d9e0f93f0aa0fdd
        codeSamplesNamespace: code-samples-python-plexpy
        codeSamplesRevisionDigest: sha256:ba39c800c8534459af7ae3ccc968b405ccd2166afb7eef4344b450090349108e
workflow:
    workflowVersion: 1.0.0
    speakeasyVersion: latest
    sources:
        plexapi:
            inputs:
                - location: https://raw.githubusercontent.com/LukeHagar/plex-api-spec/refs/heads/main/plex-api-spec.yaml
            registry:
                location: registry.speakeasyapi.dev/plexapi/plexapi/plexapi
    targets:
        plexpy:
            target: python
            source: plexapi
            publish:
                pypi:
                    token: $pypi_token
            codeSamples:
                output: codeSamples.yaml
                registry:
                    location: registry.speakeasyapi.dev/plexapi/plexapi/code-samples-python-plexpy
                labelOverride:
                    fixedValue: PlexPy
